
Microsoft Visual Studio Solution File, Format Version 12.00
# Visual Studio Version 16
VisualStudioVersion = 16.0.33214.272
MinimumVisualStudioVersion = 10.0.40219.1
Project("{FAE04EC0-301F-11D3-BF4B-00C04F79EFBC}") = "pr16_1_Isomatov_h", "pr16_1_Isomatov_h.csproj", "{D3BCEE53-D8B1-4630-AAA3-D6F79875BD05}"
EndProject
Global
	GlobalSection(SolutionConfigurationPlatforms) = preSolution
		Debug|Any CPU = Debug|Any CPU
		Release|Any CPU = Release|Any CPU
	EndGlobalSection
	GlobalSection(ProjectConfigurationPlatforms) = postSolution
		{D3BCEE53-D8B1-4630-AAA3-D6F79875BD05}.Debug|Any CPU.ActiveCfg = Debug|Any CPU
		{D3BCEE53-D8B1-4630-AAA3-D6F79875BD05}.Debug|Any CPU.Build.0 = Debug|Any CPU
		{D3BCEE53-D8B1-4630-AAA3-D6F79875BD05}.Release|Any CPU.ActiveCfg = Release|Any CPU
		{D3BCEE53-D8B1-4630-AAA3-D6F79875BD05}.Release|Any CPU.Build.0 = Release|Any CPU
	EndGlobalSection
	GlobalSection(SolutionProperties) = preSolution
		HideSolutionNode = FALSE
	EndGlobalSection
	GlobalSection(ExtensibilityGlobals) = postSolution
		SolutionGuid = {C8ADC82E-92BD-40B2-8BF6-F7A26E6A5028}
	EndGlobalSection
EndGlobal
